
Microsoft Visual Studio Solution File, Format Version 12.00
# Visual Studio Version 16
VisualStudioVersion = 16.0.31229.75
MinimumVisualStudioVersion = 10.0.40219.1
Project("{9A19103F-16F7-4668-BE54-9A1E7A4F7556}") = "csharpcore", "csharpcore\csharpcore.csproj", "{344AD862-420C-4621-A193-C74687E0F153}"
EndProject
Global
	GlobalSection(SolutionConfigurationPlatforms) = preSolution
		Debug|Any CPU = Debug|Any CPU
		Release|Any CPU = Release|Any CPU
	EndGlobalSection
	GlobalSection(ProjectConfigurationPlatforms) = postSolution
		{344AD862-420C-4621-A193-C74687E0F153}.Debug|Any CPU.ActiveCfg = Debug|Any CPU
		{344AD862-420C-4621-A193-C74687E0F153}.Debug|Any CPU.Build.0 = Debug|Any CPU
		{344AD862-420C-4621-A193-C74687E0F153}.Release|Any CPU.ActiveCfg = Release|Any CPU
		{344AD862-420C-4621-A193-C74687E0F153}.Release|Any CPU.Build.0 = Release|Any CPU
	EndGlobalSection
	GlobalSection(SolutionProperties) = preSolution
		HideSolutionNode = FALSE
	EndGlobalSection
	GlobalSection(ExtensibilityGlobals) = postSolution
		SolutionGuid = {CEB784DD-D2D4-4EA9-81AC-2A21541071C1}
	EndGlobalSection
EndGlobal
